
Microsoft Visual Studio Solution File, Format Version 12.00
# Visual Studio Version 16
VisualStudioVersion = 16.0.31729.503
MinimumVisualStudioVersion = 10.0.40219.1
Project("{FAE04EC0-301F-11D3-BF4B-00C04F79EFBC}") = "m9", "m9\m9.csproj", "{50F12CA9-FE6D-4B8C-8E55-2CC1CCF5DD01}"
EndProject
Global
	GlobalSection(SolutionConfigurationPlatforms) = preSolution
		Debug|Any CPU = Debug|Any CPU
		Release|Any CPU = Release|Any CPU
	EndGlobalSection
	GlobalSection(ProjectConfigurationPlatforms) = postSolution
		{50F12CA9-FE6D-4B8C-8E55-2CC1CCF5DD01}.Debug|Any CPU.ActiveCfg = Debug|Any CPU
		{50F12CA9-FE6D-4B8C-8E55-2CC1CCF5DD01}.Debug|Any CPU.Build.0 = Debug|Any CPU
		{50F12CA9-FE6D-4B8C-8E55-2CC1CCF5DD01}.Release|Any CPU.ActiveCfg = Release|Any CPU
		{50F12CA9-FE6D-4B8C-8E55-2CC1CCF5DD01}.Release|Any CPU.Build.0 = Release|Any CPU
	EndGlobalSection
	GlobalSection(SolutionProperties) = preSolution
		HideSolutionNode = FALSE
	EndGlobalSection
	GlobalSection(ExtensibilityGlobals) = postSolution
		SolutionGuid = {23AA69AE-153F-4FD4-BB08-EB1E95E39080}
	EndGlobalSection
EndGlobal
